// !$*UTF8*$!
{
	archiveVersion = 1;
	classes = {
	};
	objectVersion = 55;
	objects = {

/* Begin PBXBuildFile section */
		010AA1FD29463F6400C868E1 /* DifficultyLevelViewModel.swift in Sources */ = {isa = PBXBuildFile; fileRef = 010AA1FC29463F6400C868E1 /* DifficultyLevelViewModel.swift */; };
		015191E6294611D600A8BFF5 /* DifficultyLevelRootView.swift in Sources */ = {isa = PBXBuildFile; fileRef = 015191E5294611D600A8BFF5 /* DifficultyLevelRootView.swift */; };
		015191E82946121000A8BFF5 /* DifficultyLevelViewController.swift in Sources */ = {isa = PBXBuildFile; fileRef = 015191E72946121000A8BFF5 /* DifficultyLevelViewController.swift */; };
		017CAD5C2944F90600E8491A /* Resources.swift in Sources */ = {isa = PBXBuildFile; fileRef = 017CAD5B2944F90600E8491A /* Resources.swift */; };
		0193C8F62944B69F00F3F3F7 /* RestartGameViewModel.swift in Sources */ = {isa = PBXBuildFile; fileRef = 0193C8F52944B69F00F3F3F7 /* RestartGameViewModel.swift */; };
		01A535AC2943A38E00D07470 /* ResultsModels.swift in Sources */ = {isa = PBXBuildFile; fileRef = 01A535AB2943A38E00D07470 /* ResultsModels.swift */; };
		01A535AF2943A3AC00D07470 /* ResultViewModel.swift in Sources */ = {isa = PBXBuildFile; fileRef = 01A535AE2943A3AC00D07470 /* ResultViewModel.swift */; };
		01A535B52943A57400D07470 /* PlayerRoundViewModel.swift in Sources */ = {isa = PBXBuildFile; fileRef = 01A535B42943A57400D07470 /* PlayerRoundViewModel.swift */; };
		01A535B82943A60C00D07470 /* ComputerRoundViewModel.swift in Sources */ = {isa = PBXBuildFile; fileRef = 01A535B72943A60C00D07470 /* ComputerRoundViewModel.swift */; };
		01A535BA2943A67400D07470 /* ViewModel+ Dynamic.swift in Sources */ = {isa = PBXBuildFile; fileRef = 01A535B92943A67400D07470 /* ViewModel+ Dynamic.swift */; };
		01BAD610293F9F360062EC67 /* AppDelegate.swift in Sources */ = {isa = PBXBuildFile; fileRef = 01BAD60F293F9F360062EC67 /* AppDelegate.swift */; };
		01BAD612293F9F360062EC67 /* SceneDelegate.swift in Sources */ = {isa = PBXBuildFile; fileRef = 01BAD611293F9F360062EC67 /* SceneDelegate.swift */; };
		01BAD619293F9F360062EC67 /* Assets.xcassets in Resources */ = {isa = PBXBuildFile; fileRef = 01BAD618293F9F360062EC67 /* Assets.xcassets */; };
		01BAD61C293F9F360062EC67 /* LaunchScreen.storyboard in Resources */ = {isa = PBXBuildFile; fileRef = 01BAD61A293F9F360062EC67 /* LaunchScreen.storyboard */; };
		01BAD627293F9FC70062EC67 /* BaseView.swift in Sources */ = {isa = PBXBuildFile; fileRef = 01BAD626293F9FC70062EC67 /* BaseView.swift */; };
		01BAD629293FA0390062EC67 /* BaseViewController.swift in Sources */ = {isa = PBXBuildFile; fileRef = 01BAD628293FA0390062EC67 /* BaseViewController.swift */; };
		01BAD62D293FA07F0062EC67 /* StartRootView.swift in Sources */ = {isa = PBXBuildFile; fileRef = 01BAD62C293FA07F0062EC67 /* StartRootView.swift */; };
		01BAD62F293FA08E0062EC67 /* StartViewController.swift in Sources */ = {isa = PBXBuildFile; fileRef = 01BAD62E293FA08E0062EC67 /* StartViewController.swift */; };
		01BAD632293FA4D50062EC67 /* UIColor+.swift in Sources */ = {isa = PBXBuildFile; fileRef = 01BAD631293FA4D50062EC67 /* UIColor+.swift */; };
		01BAD636293FAF370062EC67 /* EnterNumberScreenRootView.swift in Sources */ = {isa = PBXBuildFile; fileRef = 01BAD635293FAF370062EC67 /* EnterNumberScreenRootView.swift */; };
		01BAD638293FB0150062EC67 /* EnterNumberScreenViewController.swift in Sources */ = {isa = PBXBuildFile; fileRef = 01BAD637293FB0150062EC67 /* EnterNumberScreenViewController.swift */; };
		01BAD63A293FBC850062EC67 /* BaseButton.swift in Sources */ = {isa = PBXBuildFile; fileRef = 01BAD639293FBC850062EC67 /* BaseButton.swift */; };
		01BAD63E293FBF240062EC67 /* PlayerRoundRootView.swift in Sources */ = {isa = PBXBuildFile; fileRef = 01BAD63D293FBF240062EC67 /* PlayerRoundRootView.swift */; };
		01BAD640293FBF4F0062EC67 /* PlayerRoundViewController.swift in Sources */ = {isa = PBXBuildFile; fileRef = 01BAD63F293FBF4F0062EC67 /* PlayerRoundViewController.swift */; };
		01BAD644293FC8790062EC67 /* ComputerRoundRootView.swift in Sources */ = {isa = PBXBuildFile; fileRef = 01BAD643293FC8790062EC67 /* ComputerRoundRootView.swift */; };
		01BAD646293FC8AE0062EC67 /* ComputerRoundViewController.swift in Sources */ = {isa = PBXBuildFile; fileRef = 01BAD645293FC8AE0062EC67 /* ComputerRoundViewController.swift */; };
		01BAD64A293FD56C0062EC67 /* ResultRootView.swift in Sources */ = {isa = PBXBuildFile; fileRef = 01BAD649293FD56C0062EC67 /* ResultRootView.swift */; };
		01BAD64C293FD5960062EC67 /* ResultViewController.swift in Sources */ = {isa = PBXBuildFile; fileRef = 01BAD64B293FD5960062EC67 /* ResultViewController.swift */; };
		01F1756E2940DA100093CAE9 /* GameModel.swift in Sources */ = {isa = PBXBuildFile; fileRef = 01F1756D2940DA100093CAE9 /* GameModel.swift */; };
/* End PBXBuildFile section */

/* Begin PBXFileReference section */
		010AA1FC29463F6400C868E1 /* DifficultyLevelViewModel.swift */ = {isa = PBXFileReference; lastKnownFileType = sourcecode.swift; path = DifficultyLevelViewModel.swift; sourceTree = "<group>"; };
		015191E5294611D600A8BFF5 /* DifficultyLevelRootView.swift */ = {isa = PBXFileReference; lastKnownFileType = sourcecode.swift; path = DifficultyLevelRootView.swift; sourceTree = "<group>"; };
		015191E72946121000A8BFF5 /* DifficultyLevelViewController.swift */ = {isa = PBXFileReference; lastKnownFileType = sourcecode.swift; path = DifficultyLevelViewController.swift; sourceTree = "<group>"; };
		017CAD5B2944F90600E8491A /* Resources.swift */ = {isa = PBXFileReference; lastKnownFileType = sourcecode.swift; path = Resources.swift; sourceTree = "<group>"; };
		0193C8F52944B69F00F3F3F7 /* RestartGameViewModel.swift */ = {isa = PBXFileReference; lastKnownFileType = sourcecode.swift; path = RestartGameViewModel.swift; sourceTree = "<group>"; };
		01A535AB2943A38E00D07470 /* ResultsModels.swift */ = {isa = PBXFileReference; lastKnownFileType = sourcecode.swift; path = ResultsModels.swift; sourceTree = "<group>"; };
		01A535AE2943A3AC00D07470 /* ResultViewModel.swift */ = {isa = PBXFileReference; lastKnownFileType = sourcecode.swift; path = ResultViewModel.swift; sourceTree = "<group>"; };
		01A535B42943A57400D07470 /* PlayerRoundViewModel.swift */ = {isa = PBXFileReference; lastKnownFileType = sourcecode.swift; path = PlayerRoundViewModel.swift; sourceTree = "<group>"; };
		01A535B72943A60C00D07470 /* ComputerRoundViewModel.swift */ = {isa = PBXFileReference; lastKnownFileType = sourcecode.swift; path = ComputerRoundViewModel.swift; sourceTree = "<group>"; };
		01A535B92943A67400D07470 /* ViewModel+ Dynamic.swift */ = {isa = PBXFileReference; lastKnownFileType = sourcecode.swift; path = "ViewModel+ Dynamic.swift"; sourceTree = "<group>"; };
		01BAD60C293F9F360062EC67 /* GuessNumber_Test.app */ = {isa = PBXFileReference; explicitFileType = wrapper.application; includeInIndex = 0; path = GuessNumber_Test.app; sourceTree = BUILT_PRODUCTS_DIR; };
		01BAD60F293F9F360062EC67 /* AppDelegate.swift */ = {isa = PBXFileReference; lastKnownFileType = sourcecode.swift; path = AppDelegate.swift; sourceTree = "<group>"; };
		01BAD611293F9F360062EC67 /* SceneDelegate.swift */ = {isa = PBXFileReference; lastKnownFileType = sourcecode.swift; path = SceneDelegate.swift; sourceTree = "<group>"; };
		01BAD618293F9F360062EC67 /* Assets.xcassets */ = {isa = PBXFileReference; lastKnownFileType = folder.assetcatalog; path = Assets.xcassets; sourceTree = "<group>"; };
		01BAD61B293F9F360062EC67 /* Base */ = {isa = PBXFileReference; lastKnownFileType = file.storyboard; name = Base; path = Base.lproj/LaunchScreen.storyboard; sourceTree = "<group>"; };
		01BAD61D293F9F360062EC67 /* Info.plist */ = {isa = PBXFileReference; lastKnownFileType = text.plist.xml; path = Info.plist; sourceTree = "<group>"; };
		01BAD626293F9FC70062EC67 /* BaseView.swift */ = {isa = PBXFileReference; lastKnownFileType = sourcecode.swift; path = BaseView.swift; sourceTree = "<group>"; };
		01BAD628293FA0390062EC67 /* BaseViewController.swift */ = {isa = PBXFileReference; lastKnownFileType = sourcecode.swift; path = BaseViewController.swift; sourceTree = "<group>"; };
		01BAD62C293FA07F0062EC67 /* StartRootView.swift */ = {isa = PBXFileReference; lastKnownFileType = sourcecode.swift; path = StartRootView.swift; sourceTree = "<group>"; };
		01BAD62E293FA08E0062EC67 /* StartViewController.swift */ = {isa = PBXFileReference; lastKnownFileType = sourcecode.swift; path = StartViewController.swift; sourceTree = "<group>"; };
		01BAD631293FA4D50062EC67 /* UIColor+.swift */ = {isa = PBXFileReference; lastKnownFileType = sourcecode.swift; path = "UIColor+.swift"; sourceTree = "<group>"; };
		01BAD635293FAF370062EC67 /* EnterNumberScreenRootView.swift */ = {isa = PBXFileReference; lastKnownFileType = sourcecode.swift; path = EnterNumberScreenRootView.swift; sourceTree = "<group>"; };
		01BAD637293FB0150062EC67 /* EnterNumberScreenViewController.swift */ = {isa = PBXFileReference; lastKnownFileType = sourcecode.swift; path = EnterNumberScreenViewController.swift; sourceTree = "<group>"; };
		01BAD639293FBC850062EC67 /* BaseButton.swift */ = {isa = PBXFileReference; lastKnownFileType = sourcecode.swift; path = BaseButton.swift; sourceTree = "<group>"; };
		01BAD63D293FBF240062EC67 /* PlayerRoundRootView.swift */ = {isa = PBXFileReference; lastKnownFileType = sourcecode.swift; path = PlayerRoundRootView.swift; sourceTree = "<group>"; };
		01BAD63F293FBF4F0062EC67 /* PlayerRoundViewController.swift */ = {isa = PBXFileReference; lastKnownFileType = sourcecode.swift; path = PlayerRoundViewController.swift; sourceTree = "<group>"; };
		01BAD643293FC8790062EC67 /* ComputerRoundRootView.swift */ = {isa = PBXFileReference; lastKnownFileType = sourcecode.swift; path = ComputerRoundRootView.swift; sourceTree = "<group>"; };
		01BAD645293FC8AE0062EC67 /* ComputerRoundViewController.swift */ = {isa = PBXFileReference; lastKnownFileType = sourcecode.swift; path = ComputerRoundViewController.swift; sourceTree = "<group>"; };
		01BAD649293FD56C0062EC67 /* ResultRootView.swift */ = {isa = PBXFileReference; lastKnownFileType = sourcecode.swift; path = ResultRootView.swift; sourceTree = "<group>"; };
		01BAD64B293FD5960062EC67 /* ResultViewController.swift */ = {isa = PBXFileReference; lastKnownFileType = sourcecode.swift; path = ResultViewController.swift; sourceTree = "<group>"; };
		01F1756D2940DA100093CAE9 /* GameModel.swift */ = {isa = PBXFileReference; lastKnownFileType = sourcecode.swift; path = GameModel.swift; sourceTree = "<group>"; };
/* End PBXFileReference section */

/* Begin PBXFrameworksBuildPhase section */
		01BAD609293F9F360062EC67 /* Frameworks */ = {
			isa = PBXFrameworksBuildPhase;
			buildActionMask = 2147483647;
			files = (
			);
			runOnlyForDeploymentPostprocessing = 0;
		};
/* End PBXFrameworksBuildPhase section */

/* Begin PBXGroup section */
		010AA1FB29463F5800C868E1 /* ViewModel */ = {
			isa = PBXGroup;
			children = (
				010AA1FC29463F6400C868E1 /* DifficultyLevelViewModel.swift */,
			);
			path = ViewModel;
			sourceTree = "<group>";
		};
		015191E3294611B400A8BFF5 /* DifficultyLevel */ = {
			isa = PBXGroup;
			children = (
				015191E4294611C600A8BFF5 /* Views */,
				010AA1FB29463F5800C868E1 /* ViewModel */,
			);
			path = DifficultyLevel;
			sourceTree = "<group>";
		};
		015191E4294611C600A8BFF5 /* Views */ = {
			isa = PBXGroup;
			children = (
				015191E5294611D600A8BFF5 /* DifficultyLevelRootView.swift */,
				015191E72946121000A8BFF5 /* DifficultyLevelViewController.swift */,
			);
			path = Views;
			sourceTree = "<group>";
		};
		017CAD5A2944F8FD00E8491A /* Resources */ = {
			isa = PBXGroup;
			children = (
				017CAD5B2944F90600E8491A /* Resources.swift */,
			);
			path = Resources;
			sourceTree = "<group>";
		};
		0193C8F42944B69800F3F3F7 /* ViewModel */ = {
			isa = PBXGroup;
			children = (
				0193C8F52944B69F00F3F3F7 /* RestartGameViewModel.swift */,
			);
			path = ViewModel;
			sourceTree = "<group>";
		};
		01A535AA2943A36E00D07470 /* Model */ = {
			isa = PBXGroup;
			children = (
				01A535AB2943A38E00D07470 /* ResultsModels.swift */,
			);
			path = Model;
			sourceTree = "<group>";
		};
		01A535AD2943A3A000D07470 /* ViewModel */ = {
			isa = PBXGroup;
			children = (
				01A535AE2943A3AC00D07470 /* ResultViewModel.swift */,
			);
			path = ViewModel;
			sourceTree = "<group>";
		};
		01A535B32943A56700D07470 /* ViewModel */ = {
			isa = PBXGroup;
			children = (
				01A535B42943A57400D07470 /* PlayerRoundViewModel.swift */,
			);
			path = ViewModel;
			sourceTree = "<group>";
		};
		01A535B62943A5F000D07470 /* ViewModel */ = {
			isa = PBXGroup;
			children = (
				01A535B72943A60C00D07470 /* ComputerRoundViewModel.swift */,
			);
			path = ViewModel;
			sourceTree = "<group>";
		};
		01BAD603293F9F360062EC67 = {
			isa = PBXGroup;
			children = (
				01BAD60E293F9F360062EC67 /* GuessNumber_Test */,
				01BAD60D293F9F360062EC67 /* Products */,
			);
			sourceTree = "<group>";
		};
		01BAD60D293F9F360062EC67 /* Products */ = {
			isa = PBXGroup;
			children = (
				01BAD60C293F9F360062EC67 /* GuessNumber_Test.app */,
			);
			name = Products;
			sourceTree = "<group>";
		};
		01BAD60E293F9F360062EC67 /* GuessNumber_Test */ = {
			isa = PBXGroup;
			children = (
				01F1756C2940D9FC0093CAE9 /* Models */,
				01BAD62A293FA06C0062EC67 /* StartScreen */,
				015191E3294611B400A8BFF5 /* DifficultyLevel */,
				01BAD633293FAF170062EC67 /* EnterNumberScreen */,
				01BAD641293FC85A0062EC67 /* ComputerRound */,
				01BAD63B293FBF130062EC67 /* PlayerRound */,
				01BAD647293FD53E0062EC67 /* ResultScreen */,
				01BAD625293F9FBC0062EC67 /* Base */,
				01BAD630293FA4CB0062EC67 /* Extensions */,
				017CAD5A2944F8FD00E8491A /* Resources */,
				01BAD624293F9FB20062EC67 /* Application */,
				01BAD623293F9F520062EC67 /* SupportingFiles */,
			);
			path = GuessNumber_Test;
			sourceTree = "<group>";
		};
		01BAD623293F9F520062EC67 /* SupportingFiles */ = {
			isa = PBXGroup;
			children = (
				01BAD618293F9F360062EC67 /* Assets.xcassets */,
				01BAD61A293F9F360062EC67 /* LaunchScreen.storyboard */,
				01BAD61D293F9F360062EC67 /* Info.plist */,
			);
			path = SupportingFiles;
			sourceTree = "<group>";
		};
		01BAD624293F9FB20062EC67 /* Application */ = {
			isa = PBXGroup;
			children = (
				01BAD60F293F9F360062EC67 /* AppDelegate.swift */,
				01BAD611293F9F360062EC67 /* SceneDelegate.swift */,
			);
			path = Application;
			sourceTree = "<group>";
		};
		01BAD625293F9FBC0062EC67 /* Base */ = {
			isa = PBXGroup;
			children = (
				01BAD626293F9FC70062EC67 /* BaseView.swift */,
				01BAD628293FA0390062EC67 /* BaseViewController.swift */,
				01BAD639293FBC850062EC67 /* BaseButton.swift */,
				01A535B92943A67400D07470 /* ViewModel+ Dynamic.swift */,
			);
			path = Base;
			sourceTree = "<group>";
		};
		01BAD62A293FA06C0062EC67 /* StartScreen */ = {
			isa = PBXGroup;
			children = (
				01BAD62B293FA0750062EC67 /* Views */,
				0193C8F42944B69800F3F3F7 /* ViewModel */,
			);
			path = StartScreen;
			sourceTree = "<group>";
		};
		01BAD62B293FA0750062EC67 /* Views */ = {
			isa = PBXGroup;
			children = (
				01BAD62C293FA07F0062EC67 /* StartRootView.swift */,
				01BAD62E293FA08E0062EC67 /* StartViewController.swift */,
			);
			path = Views;
			sourceTree = "<group>";
		};
		01BAD630293FA4CB0062EC67 /* Extensions */ = {
			isa = PBXGroup;
			children = (
				01BAD631293FA4D50062EC67 /* UIColor+.swift */,
			);
			path = Extensions;
			sourceTree = "<group>";
		};
		01BAD633293FAF170062EC67 /* EnterNumberScreen */ = {
			isa = PBXGroup;
			children = (
				01BAD634293FAF270062EC67 /* Views */,
			);
			path = EnterNumberScreen;
			sourceTree = "<group>";
		};
		01BAD634293FAF270062EC67 /* Views */ = {
			isa = PBXGroup;
			children = (
				01BAD635293FAF370062EC67 /* EnterNumberScreenRootView.swift */,
				01BAD637293FB0150062EC67 /* EnterNumberScreenViewController.swift */,
			);
			path = Views;
			sourceTree = "<group>";
		};
		01BAD63B293FBF130062EC67 /* PlayerRound */ = {
			isa = PBXGroup;
			children = (
				01BAD63C293FBF1C0062EC67 /* Views */,
				01A535B32943A56700D07470 /* ViewModel */,
			);
			path = PlayerRound;
			sourceTree = "<group>";
		};
		01BAD63C293FBF1C0062EC67 /* Views */ = {
			isa = PBXGroup;
			children = (
				01BAD63D293FBF240062EC67 /* PlayerRoundRootView.swift */,
				01BAD63F293FBF4F0062EC67 /* PlayerRoundViewController.swift */,
			);
			path = Views;
			sourceTree = "<group>";
		};
		01BAD641293FC85A0062EC67 /* ComputerRound */ = {
			isa = PBXGroup;
			children = (
				01BAD642293FC8700062EC67 /* Views */,
				01A535B62943A5F000D07470 /* ViewModel */,
			);
			path = ComputerRound;
			sourceTree = "<group>";
		};
		01BAD642293FC8700062EC67 /* Views */ = {
			isa = PBXGroup;
			children = (
				01BAD643293FC8790062EC67 /* ComputerRoundRootView.swift */,
				01BAD645293FC8AE0062EC67 /* ComputerRoundViewController.swift */,
			);
			path = Views;
			sourceTree = "<group>";
		};
		01BAD647293FD53E0062EC67 /* ResultScreen */ = {
			isa = PBXGroup;
			children = (
				01A535AA2943A36E00D07470 /* Model */,
				01BAD648293FD5620062EC67 /* Views */,
				01A535AD2943A3A000D07470 /* ViewModel */,
			);
			path = ResultScreen;
			sourceTree = "<group>";
		};
		01BAD648293FD5620062EC67 /* Views */ = {
			isa = PBXGroup;
			children = (
				01BAD649293FD56C0062EC67 /* ResultRootView.swift */,
				01BAD64B293FD5960062EC67 /* ResultViewController.swift */,
			);
			path = Views;
			sourceTree = "<group>";
		};
		01F1756C2940D9FC0093CAE9 /* Models */ = {
			isa = PBXGroup;
			children = (
				01F1756D2940DA100093CAE9 /* GameModel.swift */,
			);
			path = Models;
			sourceTree = "<group>";
		};
/* End PBXGroup section */

/* Begin PBXNativeTarget section */
		01BAD60B293F9F360062EC67 /* GuessNumber_Test */ = {
			isa = PBXNativeTarget;
			buildConfigurationList = 01BAD620293F9F360062EC67 /* Build configuration list for PBXNativeTarget "GuessNumber_Test" */;
			buildPhases = (
				01BAD608293F9F360062EC67 /* Sources */,
				01BAD609293F9F360062EC67 /* Frameworks */,
				01BAD60A293F9F360062EC67 /* Resources */,
			);
			buildRules = (
			);
			dependencies = (
			);
			name = GuessNumber_Test;
			productName = GuessNumber_Test;
			productReference = 01BAD60C293F9F360062EC67 /* GuessNumber_Test.app */;
			productType = "com.apple.product-type.application";
		};
/* End PBXNativeTarget section */

/* Begin PBXProject section */
		01BAD604293F9F360062EC67 /* Project object */ = {
			isa = PBXProject;
			attributes = {
				BuildIndependentTargetsInParallel = 1;
				LastSwiftUpdateCheck = 1340;
				LastUpgradeCheck = 1340;
				TargetAttributes = {
					01BAD60B293F9F360062EC67 = {
						CreatedOnToolsVersion = 13.4.1;
					};
				};
			};
			buildConfigurationList = 01BAD607293F9F360062EC67 /* Build configuration list for PBXProject "GuessNumber_Test" */;
			compatibilityVersion = "Xcode 13.0";
			developmentRegion = en;
			hasScannedForEncodings = 0;
			knownRegions = (
				en,
				Base,
			);
			mainGroup = 01BAD603293F9F360062EC67;
			productRefGroup = 01BAD60D293F9F360062EC67 /* Products */;
			projectDirPath = "";
			projectRoot = "";
			targets = (
				01BAD60B293F9F360062EC67 /* GuessNumber_Test */,
			);
		};
/* End PBXProject section */

/* Begin PBXResourcesBuildPhase section */
		01BAD60A293F9F360062EC67 /* Resources */ = {
			isa = PBXResourcesBuildPhase;
			buildActionMask = 2147483647;
			files = (
				01BAD61C293F9F360062EC67 /* LaunchScreen.storyboard in Resources */,
				01BAD619293F9F360062EC67 /* Assets.xcassets in Resources */,
			);
			runOnlyForDeploymentPostprocessing = 0;
		};
/* End PBXResourcesBuildPhase section */

/* Begin PBXSourcesBuildPhase section */
		01BAD608293F9F360062EC67 /* Sources */ = {
			isa = PBXSourcesBuildPhase;
			buildActionMask = 2147483647;
			files = (
				015191E82946121000A8BFF5 /* DifficultyLevelViewController.swift in Sources */,
				01BAD638293FB0150062EC67 /* EnterNumberScreenViewController.swift in Sources */,
				01F1756E2940DA100093CAE9 /* GameModel.swift in Sources */,
				01BAD636293FAF370062EC67 /* EnterNumberScreenRootView.swift in Sources */,
				015191E6294611D600A8BFF5 /* DifficultyLevelRootView.swift in Sources */,
				01BAD610293F9F360062EC67 /* AppDelegate.swift in Sources */,
				01BAD64C293FD5960062EC67 /* ResultViewController.swift in Sources */,
				010AA1FD29463F6400C868E1 /* DifficultyLevelViewModel.swift in Sources */,
				01BAD64A293FD56C0062EC67 /* ResultRootView.swift in Sources */,
				01BAD62D293FA07F0062EC67 /* StartRootView.swift in Sources */,
				01BAD646293FC8AE0062EC67 /* ComputerRoundViewController.swift in Sources */,
				0193C8F62944B69F00F3F3F7 /* RestartGameViewModel.swift in Sources */,
				01BAD629293FA0390062EC67 /* BaseViewController.swift in Sources */,
				01BAD612293F9F360062EC67 /* SceneDelegate.swift in Sources */,
				01A535B52943A57400D07470 /* PlayerRoundViewModel.swift in Sources */,
				01BAD63A293FBC850062EC67 /* BaseButton.swift in Sources */,
				01A535AF2943A3AC00D07470 /* ResultViewModel.swift in Sources */,
				01BAD627293F9FC70062EC67 /* BaseView.swift in Sources */,
				01BAD640293FBF4F0062EC67 /* PlayerRoundViewController.swift in Sources */,
				01A535B82943A60C00D07470 /* ComputerRoundViewModel.swift in Sources */,
				01A535AC2943A38E00D07470 /* ResultsModels.swift in Sources */,
				01BAD62F293FA08E0062EC67 /* StartViewController.swift in Sources */,
				01BAD644293FC8790062EC67 /* ComputerRoundRootView.swift in Sources */,
				01BAD63E293FBF240062EC67 /* PlayerRoundRootView.swift in Sources */,
				017CAD5C2944F90600E8491A /* Resources.swift in Sources */,
				01A535BA2943A67400D07470 /* ViewModel+ Dynamic.swift in Sources */,
				01BAD632293FA4D50062EC67 /* UIColor+.swift in Sources */,
			);
			runOnlyForDeploymentPostprocessing = 0;
		};
/* End PBXSourcesBuildPhase section */

/* Begin PBXVariantGroup section */
		01BAD61A293F9F360062EC67 /* LaunchScreen.storyboard */ = {
			isa = PBXVariantGroup;
			children = (
				01BAD61B293F9F360062EC67 /* Base */,
			);
			name = LaunchScreen.storyboard;
			sourceTree = "<group>";
		};
/* End PBXVariantGroup section */

/* Begin XCBuildConfiguration section */
		01BAD61E293F9F360062EC67 /* Debug */ = {
			isa = XCBuildConfiguration;
			buildSettings = {
				ALWAYS_SEARCH_USER_PATHS = NO;
				CLANG_ANALYZER_NONNULL = YES;
				CLANG_ANALYZER_NUMBER_OBJECT_CONVERSION = YES_AGGRESSIVE;
				CLANG_CXX_LANGUAGE_STANDARD = "gnu++17";
				CLANG_ENABLE_MODULES = YES;
				CLANG_ENABLE_OBJC_ARC = YES;
				CLANG_ENABLE_OBJC_WEAK = YES;
				CLANG_WARN_BLOCK_CAPTURE_AUTORELEASING = YES;
				CLANG_WARN_BOOL_CONVERSION = YES;
				CLANG_WARN_COMMA = YES;
				CLANG_WARN_CONSTANT_CONVERSION = YES;
				CLANG_WARN_DEPRECATED_OBJC_IMPLEMENTATIONS = YES;
				CLANG_WARN_DIRECT_OBJC_ISA_USAGE = YES_ERROR;
				CLANG_WARN_DOCUMENTATION_COMMENTS = YES;
				CLANG_WARN_EMPTY_BODY = YES;
				CLANG_WARN_ENUM_CONVERSION = YES;
				CLANG_WARN_INFINITE_RECURSION = YES;
				CLANG_WARN_INT_CONVERSION = YES;
				CLANG_WARN_NON_LITERAL_NULL_CONVERSION = YES;
				CLANG_WARN_OBJC_IMPLICIT_RETAIN_SELF = YES;
				CLANG_WARN_OBJC_LITERAL_CONVERSION = YES;
				CLANG_WARN_OBJC_ROOT_CLASS = YES_ERROR;
				CLANG_WARN_QUOTED_INCLUDE_IN_FRAMEWORK_HEADER = YES;
				CLANG_WARN_RANGE_LOOP_ANALYSIS = YES;
				CLANG_WARN_STRICT_PROTOTYPES = YES;
				CLANG_WARN_SUSPICIOUS_MOVE = YES;
				CLANG_WARN_UNGUARDED_AVAILABILITY = YES_AGGRESSIVE;
				CLANG_WARN_UNREACHABLE_CODE = YES;
				CLANG_WARN__DUPLICATE_METHOD_MATCH = YES;
				COPY_PHASE_STRIP = NO;
				DEBUG_INFORMATION_FORMAT = dwarf;
				ENABLE_STRICT_OBJC_MSGSEND = YES;
				ENABLE_TESTABILITY = YES;
				GCC_C_LANGUAGE_STANDARD = gnu11;
				GCC_DYNAMIC_NO_PIC = NO;
				GCC_NO_COMMON_BLOCKS = YES;
				GCC_OPTIMIZATION_LEVEL = 0;
				GCC_PREPROCESSOR_DEFINITIONS = (
					"DEBUG=1",
					"$(inherited)",
				);
				GCC_WARN_64_TO_32_BIT_CONVERSION = YES;
				GCC_WARN_ABOUT_RETURN_TYPE = YES_ERROR;
				GCC_WARN_UNDECLARED_SELECTOR = YES;
				GCC_WARN_UNINITIALIZED_AUTOS = YES_AGGRESSIVE;
				GCC_WARN_UNUSED_FUNCTION = YES;
				GCC_WARN_UNUSED_VARIABLE = YES;
				IPHONEOS_DEPLOYMENT_TARGET = 15.5;
				MTL_ENABLE_DEBUG_INFO = INCLUDE_SOURCE;
				MTL_FAST_MATH = YES;
				ONLY_ACTIVE_ARCH = YES;
				SDKROOT = iphoneos;
				SWIFT_ACTIVE_COMPILATION_CONDITIONS = DEBUG;
				SWIFT_OPTIMIZATION_LEVEL = "-Onone";
			};
			name = Debug;
		};
		01BAD61F293F9F360062EC67 /* Release */ = {
			isa = XCBuildConfiguration;
			buildSettings = {
				ALWAYS_SEARCH_USER_PATHS = NO;
				CLANG_ANALYZER_NONNULL = YES;
				CLANG_ANALYZER_NUMBER_OBJECT_CONVERSION = YES_AGGRESSIVE;
				CLANG_CXX_LANGUAGE_STANDARD = "gnu++17";
				CLANG_ENABLE_MODULES = YES;
				CLANG_ENABLE_OBJC_ARC = YES;
				CLANG_ENABLE_OBJC_WEAK = YES;
				CLANG_WARN_BLOCK_CAPTURE_AUTORELEASING = YES;
				CLANG_WARN_BOOL_CONVERSION = YES;
				CLANG_WARN_COMMA = YES;
				CLANG_WARN_CONSTANT_CONVERSION = YES;
				CLANG_WARN_DEPRECATED_OBJC_IMPLEMENTATIONS = YES;
				CLANG_WARN_DIRECT_OBJC_ISA_USAGE = YES_ERROR;
				CLANG_WARN_DOCUMENTATION_COMMENTS = YES;
				CLANG_WARN_EMPTY_BODY = YES;
				CLANG_WARN_ENUM_CONVERSION = YES;
				CLANG_WARN_INFINITE_RECURSION = YES;
				CLANG_WARN_INT_CONVERSION = YES;
				CLANG_WARN_NON_LITERAL_NULL_CONVERSION = YES;
				CLANG_WARN_OBJC_IMPLICIT_RETAIN_SELF = YES;
				CLANG_WARN_OBJC_LITERAL_CONVERSION = YES;
				CLANG_WARN_OBJC_ROOT_CLASS = YES_ERROR;
				CLANG_WARN_QUOTED_INCLUDE_IN_FRAMEWORK_HEADER = YES;
				CLANG_WARN_RANGE_LOOP_ANALYSIS = YES;
				CLANG_WARN_STRICT_PROTOTYPES = YES;
				CLANG_WARN_SUSPICIOUS_MOVE = YES;
				CLANG_WARN_UNGUARDED_AVAILABILITY = YES_AGGRESSIVE;
				CLANG_WARN_UNREACHABLE_CODE = YES;
				CLANG_WARN__DUPLICATE_METHOD_MATCH = YES;
				COPY_PHASE_STRIP = NO;
				DEBUG_INFORMATION_FORMAT = "dwarf-with-dsym";
				ENABLE_NS_ASSERTIONS = NO;
				ENABLE_STRICT_OBJC_MSGSEND = YES;
				GCC_C_LANGUAGE_STANDARD = gnu11;
				GCC_NO_COMMON_BLOCKS = YES;
				GCC_WARN_64_TO_32_BIT_CONVERSION = YES;
				GCC_WARN_ABOUT_RETURN_TYPE = YES_ERROR;
				GCC_WARN_UNDECLARED_SELECTOR = YES;
				GCC_WARN_UNINITIALIZED_AUTOS = YES_AGGRESSIVE;
				GCC_WARN_UNUSED_FUNCTION = YES;
				GCC_WARN_UNUSED_VARIABLE = YES;
				IPHONEOS_DEPLOYMENT_TARGET = 15.5;
				MTL_ENABLE_DEBUG_INFO = NO;
				MTL_FAST_MATH = YES;
				SDKROOT = iphoneos;
				SWIFT_COMPILATION_MODE = wholemodule;
				SWIFT_OPTIMIZATION_LEVEL = "-O";
				VALIDATE_PRODUCT = YES;
			};
			name = Release;
		};
		01BAD621293F9F360062EC67 /* Debug */ = {
			isa = XCBuildConfiguration;
			buildSettings = {
				ASSETCATALOG_COMPILER_APPICON_NAME = AppIcon;
				ASSETCATALOG_COMPILER_GLOBAL_ACCENT_COLOR_NAME = AccentColor;
				CODE_SIGN_STYLE = Automatic;
				CURRENT_PROJECT_VERSION = 1;
				DEVELOPMENT_TEAM = VAA7RR6469;
				GENERATE_INFOPLIST_FILE = YES;
				INFOPLIST_FILE = GuessNumber_Test/SupportingFiles/Info.plist;
				INFOPLIST_KEY_UIApplicationSupportsIndirectInputEvents = YES;
				INFOPLIST_KEY_UILaunchStoryboardName = LaunchScreen;
				INFOPLIST_KEY_UISupportedInterfaceOrientations_iPad = "UIInterfaceOrientationPortrait UIInterfaceOrientationPortraitUpsideDown UIInterfaceOrientationLandscapeLeft UIInterfaceOrientationLandscapeRight";
				INFOPLIST_KEY_UISupportedInterfaceOrientations_iPhone = "UIInterfaceOrientationPortrait UIInterfaceOrientationLandscapeLeft UIInterfaceOrientationLandscapeRight";
				LD_RUNPATH_SEARCH_PATHS = (
					"$(inherited)",
					"@executable_path/Frameworks",
				);
				MARKETING_VERSION = 1.0;
				PRODUCT_BUNDLE_IDENTIFIER = "com.georgegroshev.GuessNumber-Test";
				PRODUCT_NAME = "$(TARGET_NAME)";
				SWIFT_EMIT_LOC_STRINGS = YES;
				SWIFT_VERSION = 5.0;
				TARGETED_DEVICE_FAMILY = 1;
			};
			name = Debug;
		};
		01BAD622293F9F360062EC67 /* Release */ = {
			isa = XCBuildConfiguration;
			buildSettings = {
				ASSETCATALOG_COMPILER_APPICON_NAME = AppIcon;
				ASSETCATALOG_COMPILER_GLOBAL_ACCENT_COLOR_NAME = AccentColor;
				CODE_SIGN_STYLE = Automatic;
				CURRENT_PROJECT_VERSION = 1;
				DEVELOPMENT_TEAM = VAA7RR6469;
				GENERATE_INFOPLIST_FILE = YES;
				INFOPLIST_FILE = GuessNumber_Test/SupportingFiles/Info.plist;
				INFOPLIST_KEY_UIApplicationSupportsIndirectInputEvents = YES;
				INFOPLIST_KEY_UILaunchStoryboardName = LaunchScreen;
				INFOPLIST_KEY_UISupportedInterfaceOrientations_iPad = "UIInterfaceOrientationPortrait UIInterfaceOrientationPortraitUpsideDown UIInterfaceOrientationLandscapeLeft UIInterfaceOrientationLandscapeRight";
				INFOPLIST_KEY_UISupportedInterfaceOrientations_iPhone = "UIInterfaceOrientationPortrait UIInterfaceOrientationLandscapeLeft UIInterfaceOrientationLandscapeRight";
				LD_RUNPATH_SEARCH_PATHS = (
					"$(inherited)",
					"@executable_path/Frameworks",
				);
				MARKETING_VERSION = 1.0;
				PRODUCT_BUNDLE_IDENTIFIER = "com.georgegroshev.GuessNumber-Test";
				PRODUCT_NAME = "$(TARGET_NAME)";
				SWIFT_EMIT_LOC_STRINGS = YES;
				SWIFT_VERSION = 5.0;
				TARGETED_DEVICE_FAMILY = 1;
			};
			name = Release;
		};
/* End XCBuildConfiguration section */

/* Begin XCConfigurationList section */
		01BAD607293F9F360062EC67 /* Build configuration list for PBXProject "GuessNumber_Test" */ = {
			isa = XCConfigurationList;
			buildConfigurations = (
				01BAD61E293F9F360062EC67 /* Debug */,
				01BAD61F293F9F360062EC67 /* Release */,
			);
			defaultConfigurationIsVisible = 0;
			defaultConfigurationName = Release;
		};
		01BAD620293F9F360062EC67 /* Build configuration list for PBXNativeTarget "GuessNumber_Test" */ = {
			isa = XCConfigurationList;
			buildConfigurations = (
				01BAD621293F9F360062EC67 /* Debug */,
				01BAD622293F9F360062EC67 /* Release */,
			);
			defaultConfigurationIsVisible = 0;
			defaultConfigurationName = Release;
		};
/* End XCConfigurationList section */
	};
	rootObject = 01BAD604293F9F360062EC67 /* Project object */;
}
